
Microsoft Visual Studio Solution File, Format Version 12.00
# Visual Studio Version 16
VisualStudioVersion = 16.0.30330.147
MinimumVisualStudioVersion = 10.0.40219.1
Project("{FAE04EC0-301F-11D3-BF4B-00C04F79EFBC}") = "ContosoCrafts.WebSite", "ContosoCrafts.WebSite.csproj", "{67F76ED1-54CC-435B-909E-FD5D5551EFDA}"
EndProject
Global
	GlobalSection(SolutionConfigurationPlatforms) = preSolution
		Debug|Any CPU = Debug|Any CPU
		Release|Any CPU = Release|Any CPU
	EndGlobalSection
	GlobalSection(ProjectConfigurationPlatforms) = postSolution
		{67F76ED1-54CC-435B-909E-FD5D5551EFDA}.Debug|Any CPU.ActiveCfg = Debug|Any CPU
		{67F76ED1-54CC-435B-909E-FD5D5551EFDA}.Debug|Any CPU.Build.0 = Debug|Any CPU
		{67F76ED1-54CC-435B-909E-FD5D5551EFDA}.Release|Any CPU.ActiveCfg = Release|Any CPU
		{67F76ED1-54CC-435B-909E-FD5D5551EFDA}.Release|Any CPU.Build.0 = Release|Any CPU
	EndGlobalSection
	GlobalSection(SolutionProperties) = preSolution
		HideSolutionNode = FALSE
	EndGlobalSection
	GlobalSection(ExtensibilityGlobals) = postSolution
		SolutionGuid = {41F79A42-1DCD-4A4C-BFA6-5368FB2255F8}
	EndGlobalSection
EndGlobal
